
Microsoft Visual Studio Solution File, Format Version 12.00
# Visual Studio 15
VisualStudioVersion = 15.0.28307.572
MinimumVisualStudioVersion = 10.0.40219.1
Project("{FAE04EC0-301F-11D3-BF4B-00C04F79EFBC}") = "WebApplication", "WebApplication\WebApplication.csproj", "{6012D9C1-D547-4C16-8281-ECF1C8F20647}"
	ProjectSection(ProjectDependencies) = postProject
		{50D9363D-4A61-4C52-9C78-81C549643F5B} = {50D9363D-4A61-4C52-9C78-81C549643F5B}
	EndProjectSection
EndProject
Project("{FAE04EC0-301F-11D3-BF4B-00C04F79EFBC}") = "WcfService1", "WcfService1\WcfService1.csproj", "{50D9363D-4A61-4C52-9C78-81C549643F5B}"
EndProject
Global
	GlobalSection(SolutionConfigurationPlatforms) = preSolution
		Debug|Any CPU = Debug|Any CPU
		Release|Any CPU = Release|Any CPU
	EndGlobalSection
	GlobalSection(ProjectConfigurationPlatforms) = postSolution
		{6012D9C1-D547-4C16-8281-ECF1C8F20647}.Debug|Any CPU.ActiveCfg = Debug|Any CPU
		{6012D9C1-D547-4C16-8281-ECF1C8F20647}.Debug|Any CPU.Build.0 = Debug|Any CPU
		{6012D9C1-D547-4C16-8281-ECF1C8F20647}.Release|Any CPU.ActiveCfg = Release|Any CPU
		{6012D9C1-D547-4C16-8281-ECF1C8F20647}.Release|Any CPU.Build.0 = Release|Any CPU
		{50D9363D-4A61-4C52-9C78-81C549643F5B}.Debug|Any CPU.ActiveCfg = Debug|Any CPU
		{50D9363D-4A61-4C52-9C78-81C549643F5B}.Debug|Any CPU.Build.0 = Debug|Any CPU
		{50D9363D-4A61-4C52-9C78-81C549643F5B}.Release|Any CPU.ActiveCfg = Release|Any CPU
		{50D9363D-4A61-4C52-9C78-81C549643F5B}.Release|Any CPU.Build.0 = Release|Any CPU
	EndGlobalSection
	GlobalSection(SolutionProperties) = preSolution
		HideSolutionNode = FALSE
	EndGlobalSection
	GlobalSection(ExtensibilityGlobals) = postSolution
		SolutionGuid = {5BFBF4A5-28BE-44E9-9C5B-FB3CA9284437}
	EndGlobalSection
EndGlobal
